// !$*UTF8*$!
{
	archiveVersion = 1;
	classes = {
	};
	objectVersion = 55;
	objects = {

/* Begin PBXBuildFile section */
		B74CFACF284F783D0057C941 /* BinanceCloneApp.swift in Sources */ = {isa = PBXBuildFile; fileRef = B74CFACE284F783D0057C941 /* BinanceCloneApp.swift */; };
		B74CFAD1284F783D0057C941 /* MainView.swift in Sources */ = {isa = PBXBuildFile; fileRef = B74CFAD0284F783D0057C941 /* MainView.swift */; };
		B74CFAD3284F783F0057C941 /* Assets.xcassets in Resources */ = {isa = PBXBuildFile; fileRef = B74CFAD2284F783F0057C941 /* Assets.xcassets */; };
		B74CFAD6284F783F0057C941 /* Preview Assets.xcassets in Resources */ = {isa = PBXBuildFile; fileRef = B74CFAD5284F783F0057C941 /* Preview Assets.xcassets */; };
		B74CFAE0284F7E750057C941 /* Color.swift in Sources */ = {isa = PBXBuildFile; fileRef = B74CFADF284F7E750057C941 /* Color.swift */; };
		B7690EDB2850E74C008E81AC /* CustomButtonStyle.swift in Sources */ = {isa = PBXBuildFile; fileRef = B7690EDA2850E74C008E81AC /* CustomButtonStyle.swift */; };
		B7690EDD2850EC35008E81AC /* ItemListRow.swift in Sources */ = {isa = PBXBuildFile; fileRef = B7690EDC2850EC35008E81AC /* ItemListRow.swift */; };
/* End PBXBuildFile section */

/* Begin PBXFileReference section */
		B74CFACB284F783D0057C941 /* BinanceClone.app */ = {isa = PBXFileReference; explicitFileType = wrapper.application; includeInIndex = 0; path = BinanceClone.app; sourceTree = BUILT_PRODUCTS_DIR; };
		B74CFACE284F783D0057C941 /* BinanceCloneApp.swift */ = {isa = PBXFileReference; lastKnownFileType = sourcecode.swift; path = BinanceCloneApp.swift; sourceTree = "<group>"; };
		B74CFAD0284F783D0057C941 /* MainView.swift */ = {isa = PBXFileReference; lastKnownFileType = sourcecode.swift; path = MainView.swift; sourceTree = "<group>"; };
		B74CFAD2284F783F0057C941 /* Assets.xcassets */ = {isa = PBXFileReference; lastKnownFileType = folder.assetcatalog; path = Assets.xcassets; sourceTree = "<group>"; };
		B74CFAD5284F783F0057C941 /* Preview Assets.xcassets */ = {isa = PBXFileReference; lastKnownFileType = folder.assetcatalog; path = "Preview Assets.xcassets"; sourceTree = "<group>"; };
		B74CFADF284F7E750057C941 /* Color.swift */ = {isa = PBXFileReference; lastKnownFileType = sourcecode.swift; path = Color.swift; sourceTree = "<group>"; };
		B7690EDA2850E74C008E81AC /* CustomButtonStyle.swift */ = {isa = PBXFileReference; lastKnownFileType = sourcecode.swift; path = CustomButtonStyle.swift; sourceTree = "<group>"; };
		B7690EDC2850EC35008E81AC /* ItemListRow.swift */ = {isa = PBXFileReference; lastKnownFileType = sourcecode.swift; path = ItemListRow.swift; sourceTree = "<group>"; };
/* End PBXFileReference section */

/* Begin PBXFrameworksBuildPhase section */
		B74CFAC8284F783D0057C941 /* Frameworks */ = {
			isa = PBXFrameworksBuildPhase;
			buildActionMask = 2147483647;
			files = (
			);
			runOnlyForDeploymentPostprocessing = 0;
		};
/* End PBXFrameworksBuildPhase section */

/* Begin PBXGroup section */
		B73709DD2850E6A300233BF7 /* MainView */ = {
			isa = PBXGroup;
			children = (
				B74CFAD0284F783D0057C941 /* MainView.swift */,
				B7690EDC2850EC35008E81AC /* ItemListRow.swift */,
			);
			path = MainView;
			sourceTree = "<group>";
		};
		B74CFAC2284F783D0057C941 = {
			isa = PBXGroup;
			children = (
				B74CFACD284F783D0057C941 /* BinanceClone */,
				B74CFACC284F783D0057C941 /* Products */,
			);
			sourceTree = "<group>";
		};
		B74CFACC284F783D0057C941 /* Products */ = {
			isa = PBXGroup;
			children = (
				B74CFACB284F783D0057C941 /* BinanceClone.app */,
			);
			name = Products;
			sourceTree = "<group>";
		};
		B74CFACD284F783D0057C941 /* BinanceClone */ = {
			isa = PBXGroup;
			children = (
				B74CFADD284F7E600057C941 /* Helpers */,
				B74CFACE284F783D0057C941 /* BinanceCloneApp.swift */,
				B74CFADC284F79390057C941 /* Views */,
				B74CFAD2284F783F0057C941 /* Assets.xcassets */,
				B74CFAD4284F783F0057C941 /* Preview Content */,
			);
			path = BinanceClone;
			sourceTree = "<group>";
		};
		B74CFAD4284F783F0057C941 /* Preview Content */ = {
			isa = PBXGroup;
			children = (
				B74CFAD5284F783F0057C941 /* Preview Assets.xcassets */,
			);
			path = "Preview Content";
			sourceTree = "<group>";
		};
		B74CFADC284F79390057C941 /* Views */ = {
			isa = PBXGroup;
			children = (
				B73709DD2850E6A300233BF7 /* MainView */,
			);
			path = Views;
			sourceTree = "<group>";
		};
		B74CFADD284F7E600057C941 /* Helpers */ = {
			isa = PBXGroup;
			children = (
				B7690ED92850E721008E81AC /* ButtonStyles */,
				B74CFADE284F7E670057C941 /* Extensions */,
			);
			path = Helpers;
			sourceTree = "<group>";
		};
		B74CFADE284F7E670057C941 /* Extensions */ = {
			isa = PBXGroup;
			children = (
				B74CFADF284F7E750057C941 /* Color.swift */,
			);
			path = Extensions;
			sourceTree = "<group>";
		};
		B7690ED92850E721008E81AC /* ButtonStyles */ = {
			isa = PBXGroup;
			children = (
				B7690EDA2850E74C008E81AC /* CustomButtonStyle.swift */,
			);
			path = ButtonStyles;
			sourceTree = "<group>";
		};
/* End PBXGroup section */

/* Begin PBXNativeTarget section */
		B74CFACA284F783D0057C941 /* BinanceClone */ = {
			isa = PBXNativeTarget;
			buildConfigurationList = B74CFAD9284F783F0057C941 /* Build configuration list for PBXNativeTarget "BinanceClone" */;
			buildPhases = (
				B74CFAC7284F783D0057C941 /* Sources */,
				B74CFAC8284F783D0057C941 /* Frameworks */,
				B74CFAC9284F783D0057C941 /* Resources */,
			);
			buildRules = (
			);
			dependencies = (
			);
			name = BinanceClone;
			productName = BinanceClone;
			productReference = B74CFACB284F783D0057C941 /* BinanceClone.app */;
			productType = "com.apple.product-type.application";
		};
/* End PBXNativeTarget section */

/* Begin PBXProject section */
		B74CFAC3284F783D0057C941 /* Project object */ = {
			isa = PBXProject;
			attributes = {
				BuildIndependentTargetsInParallel = 1;
				LastSwiftUpdateCheck = 1340;
				LastUpgradeCheck = 1340;
				TargetAttributes = {
					B74CFACA284F783D0057C941 = {
						CreatedOnToolsVersion = 13.4.1;
					};
				};
			};
			buildConfigurationList = B74CFAC6284F783D0057C941 /* Build configuration list for PBXProject "BinanceClone" */;
			compatibilityVersion = "Xcode 13.0";
			developmentRegion = en;
			hasScannedForEncodings = 0;
			knownRegions = (
				en,
				Base,
			);
			mainGroup = B74CFAC2284F783D0057C941;
			productRefGroup = B74CFACC284F783D0057C941 /* Products */;
			projectDirPath = "";
			projectRoot = "";
			targets = (
				B74CFACA284F783D0057C941 /* BinanceClone */,
			);
		};
/* End PBXProject section */

/* Begin PBXResourcesBuildPhase section */
		B74CFAC9284F783D0057C941 /* Resources */ = {
			isa = PBXResourcesBuildPhase;
			buildActionMask = 2147483647;
			files = (
				B74CFAD6284F783F0057C941 /* Preview Assets.xcassets in Resources */,
				B74CFAD3284F783F0057C941 /* Assets.xcassets in Resources */,
			);
			runOnlyForDeploymentPostprocessing = 0;
		};
/* End PBXResourcesBuildPhase section */

/* Begin PBXSourcesBuildPhase section */
		B74CFAC7284F783D0057C941 /* Sources */ = {
			isa = PBXSourcesBuildPhase;
			buildActionMask = 2147483647;
			files = (
				B74CFAD1284F783D0057C941 /* MainView.swift in Sources */,
				B7690EDB2850E74C008E81AC /* CustomButtonStyle.swift in Sources */,
				B74CFACF284F783D0057C941 /* BinanceCloneApp.swift in Sources */,
				B7690EDD2850EC35008E81AC /* ItemListRow.swift in Sources */,
				B74CFAE0284F7E750057C941 /* Color.swift in Sources */,
			);
			runOnlyForDeploymentPostprocessing = 0;
		};
/* End PBXSourcesBuildPhase section */

/* Begin XCBuildConfiguration section */
		B74CFAD7284F783F0057C941 /* Debug */ = {
			isa = XCBuildConfiguration;
			buildSettings = {
				ALWAYS_SEARCH_USER_PATHS = NO;
				CLANG_ANALYZER_NONNULL = YES;
				CLANG_ANALYZER_NUMBER_OBJECT_CONVERSION = YES_AGGRESSIVE;
				CLANG_CXX_LANGUAGE_STANDARD = "gnu++17";
				CLANG_ENABLE_MODULES = YES;
				CLANG_ENABLE_OBJC_ARC = YES;
				CLANG_ENABLE_OBJC_WEAK = YES;
				CLANG_WARN_BLOCK_CAPTURE_AUTORELEASING = YES;
				CLANG_WARN_BOOL_CONVERSION = YES;
				CLANG_WARN_COMMA = YES;
				CLANG_WARN_CONSTANT_CONVERSION = YES;
				CLANG_WARN_DEPRECATED_OBJC_IMPLEMENTATIONS = YES;
				CLANG_WARN_DIRECT_OBJC_ISA_USAGE = YES_ERROR;
				CLANG_WARN_DOCUMENTATION_COMMENTS = YES;
				CLANG_WARN_EMPTY_BODY = YES;
				CLANG_WARN_ENUM_CONVERSION = YES;
				CLANG_WARN_INFINITE_RECURSION = YES;
				CLANG_WARN_INT_CONVERSION = YES;
				CLANG_WARN_NON_LITERAL_NULL_CONVERSION = YES;
				CLANG_WARN_OBJC_IMPLICIT_RETAIN_SELF = YES;
				CLANG_WARN_OBJC_LITERAL_CONVERSION = YES;
				CLANG_WARN_OBJC_ROOT_CLASS = YES_ERROR;
				CLANG_WARN_QUOTED_INCLUDE_IN_FRAMEWORK_HEADER = YES;
				CLANG_WARN_RANGE_LOOP_ANALYSIS = YES;
				CLANG_WARN_STRICT_PROTOTYPES = YES;
				CLANG_WARN_SUSPICIOUS_MOVE = YES;
				CLANG_WARN_UNGUARDED_AVAILABILITY = YES_AGGRESSIVE;
				CLANG_WARN_UNREACHABLE_CODE = YES;
				CLANG_WARN__DUPLICATE_METHOD_MATCH = YES;
				COPY_PHASE_STRIP = NO;
				DEBUG_INFORMATION_FORMAT = dwarf;
				ENABLE_STRICT_OBJC_MSGSEND = YES;
				ENABLE_TESTABILITY = YES;
				GCC_C_LANGUAGE_STANDARD = gnu11;
				GCC_DYNAMIC_NO_PIC = NO;
				GCC_NO_COMMON_BLOCKS = YES;
				GCC_OPTIMIZATION_LEVEL = 0;
				GCC_PREPROCESSOR_DEFINITIONS = (
					"DEBUG=1",
					"$(inherited)",
				);
				GCC_WARN_64_TO_32_BIT_CONVERSION = YES;
				GCC_WARN_ABOUT_RETURN_TYPE = YES_ERROR;
				GCC_WARN_UNDECLARED_SELECTOR = YES;
				GCC_WARN_UNINITIALIZED_AUTOS = YES_AGGRESSIVE;
				GCC_WARN_UNUSED_FUNCTION = YES;
				GCC_WARN_UNUSED_VARIABLE = YES;
				IPHONEOS_DEPLOYMENT_TARGET = 15.5;
				MTL_ENABLE_DEBUG_INFO = INCLUDE_SOURCE;
				MTL_FAST_MATH = YES;
				ONLY_ACTIVE_ARCH = YES;
				SDKROOT = iphoneos;
				SWIFT_ACTIVE_COMPILATION_CONDITIONS = DEBUG;
				SWIFT_OPTIMIZATION_LEVEL = "-Onone";
			};
			name = Debug;
		};
		B74CFAD8284F783F0057C941 /* Release */ = {
			isa = XCBuildConfiguration;
			buildSettings = {
				ALWAYS_SEARCH_USER_PATHS = NO;
				CLANG_ANALYZER_NONNULL = YES;
				CLANG_ANALYZER_NUMBER_OBJECT_CONVERSION = YES_AGGRESSIVE;
				CLANG_CXX_LANGUAGE_STANDARD = "gnu++17";
				CLANG_ENABLE_MODULES = YES;
				CLANG_ENABLE_OBJC_ARC = YES;
				CLANG_ENABLE_OBJC_WEAK = YES;
				CLANG_WARN_BLOCK_CAPTURE_AUTORELEASING = YES;
				CLANG_WARN_BOOL_CONVERSION = YES;
				CLANG_WARN_COMMA = YES;
				CLANG_WARN_CONSTANT_CONVERSION = YES;
				CLANG_WARN_DEPRECATED_OBJC_IMPLEMENTATIONS = YES;
				CLANG_WARN_DIRECT_OBJC_ISA_USAGE = YES_ERROR;
				CLANG_WARN_DOCUMENTATION_COMMENTS = YES;
				CLANG_WARN_EMPTY_BODY = YES;
				CLANG_WARN_ENUM_CONVERSION = YES;
				CLANG_WARN_INFINITE_RECURSION = YES;
				CLANG_WARN_INT_CONVERSION = YES;
				CLANG_WARN_NON_LITERAL_NULL_CONVERSION = YES;
				CLANG_WARN_OBJC_IMPLICIT_RETAIN_SELF = YES;
				CLANG_WARN_OBJC_LITERAL_CONVERSION = YES;
				CLANG_WARN_OBJC_ROOT_CLASS = YES_ERROR;
				CLANG_WARN_QUOTED_INCLUDE_IN_FRAMEWORK_HEADER = YES;
				CLANG_WARN_RANGE_LOOP_ANALYSIS = YES;
				CLANG_WARN_STRICT_PROTOTYPES = YES;
				CLANG_WARN_SUSPICIOUS_MOVE = YES;
				CLANG_WARN_UNGUARDED_AVAILABILITY = YES_AGGRESSIVE;
				CLANG_WARN_UNREACHABLE_CODE = YES;
				CLANG_WARN__DUPLICATE_METHOD_MATCH = YES;
				COPY_PHASE_STRIP = NO;
				DEBUG_INFORMATION_FORMAT = "dwarf-with-dsym";
				ENABLE_NS_ASSERTIONS = NO;
				ENABLE_STRICT_OBJC_MSGSEND = YES;
				GCC_C_LANGUAGE_STANDARD = gnu11;
				GCC_NO_COMMON_BLOCKS = YES;
				GCC_WARN_64_TO_32_BIT_CONVERSION = YES;
				GCC_WARN_ABOUT_RETURN_TYPE = YES_ERROR;
				GCC_WARN_UNDECLARED_SELECTOR = YES;
				GCC_WARN_UNINITIALIZED_AUTOS = YES_AGGRESSIVE;
				GCC_WARN_UNUSED_FUNCTION = YES;
				GCC_WARN_UNUSED_VARIABLE = YES;
				IPHONEOS_DEPLOYMENT_TARGET = 15.5;
				MTL_ENABLE_DEBUG_INFO = NO;
				MTL_FAST_MATH = YES;
				SDKROOT = iphoneos;
				SWIFT_COMPILATION_MODE = wholemodule;
				SWIFT_OPTIMIZATION_LEVEL = "-O";
				VALIDATE_PRODUCT = YES;
			};
			name = Release;
		};
		B74CFADA284F783F0057C941 /* Debug */ = {
			isa = XCBuildConfiguration;
			buildSettings = {
				ASSETCATALOG_COMPILER_APPICON_NAME = AppIcon;
				ASSETCATALOG_COMPILER_GLOBAL_ACCENT_COLOR_NAME = AccentColor;
				CODE_SIGN_STYLE = Automatic;
				CURRENT_PROJECT_VERSION = 1;
				DEVELOPMENT_ASSET_PATHS = "\"BinanceClone/Preview Content\"";
				DEVELOPMENT_TEAM = 6VYPR8MZ57;
				ENABLE_PREVIEWS = YES;
				GENERATE_INFOPLIST_FILE = YES;
				INFOPLIST_KEY_UIApplicationSceneManifest_Generation = YES;
				INFOPLIST_KEY_UIApplicationSupportsIndirectInputEvents = YES;
				INFOPLIST_KEY_UILaunchScreen_Generation = YES;
				INFOPLIST_KEY_UISupportedInterfaceOrientations_iPad = "UIInterfaceOrientationPortrait UIInterfaceOrientationPortraitUpsideDown UIInterfaceOrientationLandscapeLeft UIInterfaceOrientationLandscapeRight";
				INFOPLIST_KEY_UISupportedInterfaceOrientations_iPhone = "UIInterfaceOrientationPortrait UIInterfaceOrientationLandscapeLeft UIInterfaceOrientationLandscapeRight";
				LD_RUNPATH_SEARCH_PATHS = (
					"$(inherited)",
					"@executable_path/Frameworks",
				);
				MARKETING_VERSION = 1.0;
				PRODUCT_BUNDLE_IDENTIFIER = com.pagh2322.BinanceClone;
				PRODUCT_NAME = "$(TARGET_NAME)";
				SWIFT_EMIT_LOC_STRINGS = YES;
				SWIFT_VERSION = 5.0;
				TARGETED_DEVICE_FAMILY = "1,2";
			};
			name = Debug;
		};
		B74CFADB284F783F0057C941 /* Release */ = {
			isa = XCBuildConfiguration;
			buildSettings = {
				ASSETCATALOG_COMPILER_APPICON_NAME = AppIcon;
				ASSETCATALOG_COMPILER_GLOBAL_ACCENT_COLOR_NAME = AccentColor;
				CODE_SIGN_STYLE = Automatic;
				CURRENT_PROJECT_VERSION = 1;
				DEVELOPMENT_ASSET_PATHS = "\"BinanceClone/Preview Content\"";
				DEVELOPMENT_TEAM = 6VYPR8MZ57;
				ENABLE_PREVIEWS = YES;
				GENERATE_INFOPLIST_FILE = YES;
				INFOPLIST_KEY_UIApplicationSceneManifest_Generation = YES;
				INFOPLIST_KEY_UIApplicationSupportsIndirectInputEvents = YES;
				INFOPLIST_KEY_UILaunchScreen_Generation = YES;
				INFOPLIST_KEY_UISupportedInterfaceOrientations_iPad = "UIInterfaceOrientationPortrait UIInterfaceOrientationPortraitUpsideDown UIInterfaceOrientationLandscapeLeft UIInterfaceOrientationLandscapeRight";
				INFOPLIST_KEY_UISupportedInterfaceOrientations_iPhone = "UIInterfaceOrientationPortrait UIInterfaceOrientationLandscapeLeft UIInterfaceOrientationLandscapeRight";
				LD_RUNPATH_SEARCH_PATHS = (
					"$(inherited)",
					"@executable_path/Frameworks",
				);
				MARKETING_VERSION = 1.0;
				PRODUCT_BUNDLE_IDENTIFIER = com.pagh2322.BinanceClone;
				PRODUCT_NAME = "$(TARGET_NAME)";
				SWIFT_EMIT_LOC_STRINGS = YES;
				SWIFT_VERSION = 5.0;
				TARGETED_DEVICE_FAMILY = "1,2";
			};
			name = Release;
		};
/* End XCBuildConfiguration section */

/* Begin XCConfigurationList section */
		B74CFAC6284F783D0057C941 /* Build configuration list for PBXProject "BinanceClone" */ = {
			isa = XCConfigurationList;
			buildConfigurations = (
				B74CFAD7284F783F0057C941 /* Debug */,
				B74CFAD8284F783F0057C941 /* Release */,
			);
			defaultConfigurationIsVisible = 0;
			defaultConfigurationName = Release;
		};
		B74CFAD9284F783F0057C941 /* Build configuration list for PBXNativeTarget "BinanceClone" */ = {
			isa = XCConfigurationList;
			buildConfigurations = (
				B74CFADA284F783F0057C941 /* Debug */,
				B74CFADB284F783F0057C941 /* Release */,
			);
			defaultConfigurationIsVisible = 0;
			defaultConfigurationName = Release;
		};
/* End XCConfigurationList section */
	};
	rootObject = B74CFAC3284F783D0057C941 /* Project object */;
}
